
Microsoft Visual Studio Solution File, Format Version 12.00
# Visual Studio Version 17
VisualStudioVersion = 17.6.33815.320
MinimumVisualStudioVersion = 10.0.40219.1
Project("{8BC9CEB8-8B4A-11D0-8D11-00A0C91BC942}") = "Pointer_exchange", "Pointer_exchange\Pointer_exchange.vcxproj", "{CA7F7525-8999-4EE6-9B0F-6BAA83277592}"
EndProject
Global
	GlobalSection(SolutionConfigurationPlatforms) = preSolution
		Debug|x64 = Debug|x64
		Debug|x86 = Debug|x86
		Release|x64 = Release|x64
		Release|x86 = Release|x86
	EndGlobalSection
	GlobalSection(ProjectConfigurationPlatforms) = postSolution
		{CA7F7525-8999-4EE6-9B0F-6BAA83277592}.Debug|x64.ActiveCfg = Debug|x64
		{CA7F7525-8999-4EE6-9B0F-6BAA83277592}.Debug|x64.Build.0 = Debug|x64
		{CA7F7525-8999-4EE6-9B0F-6BAA83277592}.Debug|x86.ActiveCfg = Debug|Win32
		{CA7F7525-8999-4EE6-9B0F-6BAA83277592}.Debug|x86.Build.0 = Debug|Win32
		{CA7F7525-8999-4EE6-9B0F-6BAA83277592}.Release|x64.ActiveCfg = Release|x64
		{CA7F7525-8999-4EE6-9B0F-6BAA83277592}.Release|x64.Build.0 = Release|x64
		{CA7F7525-8999-4EE6-9B0F-6BAA83277592}.Release|x86.ActiveCfg = Release|Win32
		{CA7F7525-8999-4EE6-9B0F-6BAA83277592}.Release|x86.Build.0 = Release|Win32
	EndGlobalSection
	GlobalSection(SolutionProperties) = preSolution
		HideSolutionNode = FALSE
	EndGlobalSection
	GlobalSection(ExtensibilityGlobals) = postSolution
		SolutionGuid = {FB41B1E9-60D4-44B9-9D25-BA5755545871}
	EndGlobalSection
EndGlobal
