
Microsoft Visual Studio Solution File, Format Version 12.00
# Visual Studio Version 17
VisualStudioVersion = 17.6.33815.320
MinimumVisualStudioVersion = 10.0.40219.1
Project("{8BC9CEB8-8B4A-11D0-8D11-00A0C91BC942}") = "Log_parsing", "Log_parsing\Log_parsing.vcxproj", "{92B812EC-E0B2-4C32-A36E-B5452D2CADE7}"
EndProject
Global
	GlobalSection(SolutionConfigurationPlatforms) = preSolution
		Debug|x64 = Debug|x64
		Debug|x86 = Debug|x86
		Release|x64 = Release|x64
		Release|x86 = Release|x86
	EndGlobalSection
	GlobalSection(ProjectConfigurationPlatforms) = postSolution
		{92B812EC-E0B2-4C32-A36E-B5452D2CADE7}.Debug|x64.ActiveCfg = Debug|x64
		{92B812EC-E0B2-4C32-A36E-B5452D2CADE7}.Debug|x64.Build.0 = Debug|x64
		{92B812EC-E0B2-4C32-A36E-B5452D2CADE7}.Debug|x86.ActiveCfg = Debug|Win32
		{92B812EC-E0B2-4C32-A36E-B5452D2CADE7}.Debug|x86.Build.0 = Debug|Win32
		{92B812EC-E0B2-4C32-A36E-B5452D2CADE7}.Release|x64.ActiveCfg = Release|x64
		{92B812EC-E0B2-4C32-A36E-B5452D2CADE7}.Release|x64.Build.0 = Release|x64
		{92B812EC-E0B2-4C32-A36E-B5452D2CADE7}.Release|x86.ActiveCfg = Release|Win32
		{92B812EC-E0B2-4C32-A36E-B5452D2CADE7}.Release|x86.Build.0 = Release|Win32
	EndGlobalSection
	GlobalSection(SolutionProperties) = preSolution
		HideSolutionNode = FALSE
	EndGlobalSection
	GlobalSection(ExtensibilityGlobals) = postSolution
		SolutionGuid = {88BC3021-300C-4DB3-8EFC-0B53E4734834}
	EndGlobalSection
EndGlobal
